# Generated by buf. DO NOT EDIT.
version: v2
deps:
  - name: buf.build/authaas/identity
    commit: b037abb325784162acccae4b44c29dbe
    digest: b5:3eed4de6d79f65f539b3aa2c2fd65164a80a146aedfabbdf827b9142894625f701aa9b7bd830739d299e5bcb744cacbc3a1d31883fb16d3ee515a526cb80d1d1
  - name: buf.build/authaas/identity-data
    commit: 06e052be2ea1401787f2db7d9dab3518
    digest: b5:85f05add0b646e625480899aaf068c07509e99d1994027f851c3a4000f76fc5d01e243ca04b21a5d6a1229e15443e38a1fc3fd68147a1eec55a5cfb17ce72e9e
  - name: buf.build/authaas/realm
    commit: 588a7393694e433ebea8d4e14ff1ae5a
    digest: b5:78cb53377e3b847f92e3c57cb899210d83c47c83d5f957e6e80e09f8f7537455aad8e485acedcdd0571d839a86f955a33078718e85bb1caab42f5d34c24cd4e1
  - name: buf.build/authaas/token
    commit: 0bd909075eb84ea8af50ca770314a804
    digest: b5:86283733ff508d4703e82744ed47a7268ce1a86ab9cfd95e98c4c4d5dcc2436f22ffb2dbc59df54ae2c13a263c32af7090810354fba5856d4195bc25e9e2cd5b
  - name: buf.build/authaas/webauthn-credential
    commit: f7b8c5b69972475da4e9de5a410544f3
    digest: b5:6c1d14c069a609810986f3ade85e34dd03b0f9272ce10cb11d136744def5e5b9ad7c2770f3838292ed4ea9f7558a24e80477f4c0df1f3f61dd2eadcef6fe1178
  - name: buf.build/authaas/webauthn-modality
    commit: 4e0bb82142db4db8a2389f525af4cc04
    digest: b5:c487ee33b7ecad1acadbad2294603b217b65589c9579cc375aa9811c7d005419bf0e426f57d4d9b659d78cf08f241dc1c849384285f1229931ad32574240f7d3
  - name: buf.build/authaas/webauthn-rp
    commit: 48e983d00b8f4c68928e5a27673a83b4
    digest: b5:e857d5941f1904c8f393e9bc6c9571cfd1c378d362f90c1b219c1d54ac59ba94d55e3669f3e3f0e6292bd9b424d27557813aa40015662dcb0fc399a84f18b9df
